// !$*UTF8*$!
{
	archiveVersion = 1;
	classes = {
	};
	objectVersion = 56;
	objects = {

/* Begin PBXBuildFile section */
		F0868D522B29AC0C00865456 /* WordScrambleApp.swift in Sources */ = {isa = PBXBuildFile; fileRef = F0868D512B29AC0C00865456 /* WordScrambleApp.swift */; };
		F0868D542B29AC0C00865456 /* ContentView.swift in Sources */ = {isa = PBXBuildFile; fileRef = F0868D532B29AC0C00865456 /* ContentView.swift */; };
		F0868D562B29AC0D00865456 /* Assets.xcassets in Resources */ = {isa = PBXBuildFile; fileRef = F0868D552B29AC0D00865456 /* Assets.xcassets */; };
		F0868D592B29AC0D00865456 /* Preview Assets.xcassets in Resources */ = {isa = PBXBuildFile; fileRef = F0868D582B29AC0D00865456 /* Preview Assets.xcassets */; };
		F0868D632B29AC0D00865456 /* WordScrambleTests.swift in Sources */ = {isa = PBXBuildFile; fileRef = F0868D622B29AC0D00865456 /* WordScrambleTests.swift */; };
		F0868D6D2B29AC0D00865456 /* WordScrambleUITests.swift in Sources */ = {isa = PBXBuildFile; fileRef = F0868D6C2B29AC0D00865456 /* WordScrambleUITests.swift */; };
		F0868D6F2B29AC0D00865456 /* WordScrambleUITestsLaunchTests.swift in Sources */ = {isa = PBXBuildFile; fileRef = F0868D6E2B29AC0D00865456 /* WordScrambleUITestsLaunchTests.swift */; };
		F0868D7C2B2A3C1700865456 /* start.txt in Resources */ = {isa = PBXBuildFile; fileRef = F0868D7B2B2A3C1700865456 /* start.txt */; };
/* End PBXBuildFile section */

/* Begin PBXContainerItemProxy section */
		F0868D5F2B29AC0D00865456 /* PBXContainerItemProxy */ = {
			isa = PBXContainerItemProxy;
			containerPortal = F0868D462B29AC0C00865456 /* Project object */;
			proxyType = 1;
			remoteGlobalIDString = F0868D4D2B29AC0C00865456;
			remoteInfo = WordScramble;
		};
		F0868D692B29AC0D00865456 /* PBXContainerItemProxy */ = {
			isa = PBXContainerItemProxy;
			containerPortal = F0868D462B29AC0C00865456 /* Project object */;
			proxyType = 1;
			remoteGlobalIDString = F0868D4D2B29AC0C00865456;
			remoteInfo = WordScramble;
		};
/* End PBXContainerItemProxy section */

/* Begin PBXFileReference section */
		F0868D4E2B29AC0C00865456 /* WordScramble.app */ = {isa = PBXFileReference; explicitFileType = wrapper.application; includeInIndex = 0; path = WordScramble.app; sourceTree = BUILT_PRODUCTS_DIR; };
		F0868D512B29AC0C00865456 /* WordScrambleApp.swift */ = {isa = PBXFileReference; lastKnownFileType = sourcecode.swift; path = WordScrambleApp.swift; sourceTree = "<group>"; };
		F0868D532B29AC0C00865456 /* ContentView.swift */ = {isa = PBXFileReference; lastKnownFileType = sourcecode.swift; path = ContentView.swift; sourceTree = "<group>"; };
		F0868D552B29AC0D00865456 /* Assets.xcassets */ = {isa = PBXFileReference; lastKnownFileType = folder.assetcatalog; path = Assets.xcassets; sourceTree = "<group>"; };
		F0868D582B29AC0D00865456 /* Preview Assets.xcassets */ = {isa = PBXFileReference; lastKnownFileType = folder.assetcatalog; path = "Preview Assets.xcassets"; sourceTree = "<group>"; };
		F0868D5E2B29AC0D00865456 /* WordScrambleTests.xctest */ = {isa = PBXFileReference; explicitFileType = wrapper.cfbundle; includeInIndex = 0; path = WordScrambleTests.xctest; sourceTree = BUILT_PRODUCTS_DIR; };
		F0868D622B29AC0D00865456 /* WordScrambleTests.swift */ = {isa = PBXFileReference; lastKnownFileType = sourcecode.swift; path = WordScrambleTests.swift; sourceTree = "<group>"; };
		F0868D682B29AC0D00865456 /* WordScrambleUITests.xctest */ = {isa = PBXFileReference; explicitFileType = wrapper.cfbundle; includeInIndex = 0; path = WordScrambleUITests.xctest; sourceTree = BUILT_PRODUCTS_DIR; };
		F0868D6C2B29AC0D00865456 /* WordScrambleUITests.swift */ = {isa = PBXFileReference; lastKnownFileType = sourcecode.swift; path = WordScrambleUITests.swift; sourceTree = "<group>"; };
		F0868D6E2B29AC0D00865456 /* WordScrambleUITestsLaunchTests.swift */ = {isa = PBXFileReference; lastKnownFileType = sourcecode.swift; path = WordScrambleUITestsLaunchTests.swift; sourceTree = "<group>"; };
		F0868D7B2B2A3C1700865456 /* start.txt */ = {isa = PBXFileReference; fileEncoding = 4; lastKnownFileType = text; path = start.txt; sourceTree = "<group>"; };
/* End PBXFileReference section */

/* Begin PBXFrameworksBuildPhase section */
		F0868D4B2B29AC0C00865456 /* Frameworks */ = {
			isa = PBXFrameworksBuildPhase;
			buildActionMask = 2147483647;
			files = (
			);
			runOnlyForDeploymentPostprocessing = 0;
		};
		F0868D5B2B29AC0D00865456 /* Frameworks */ = {
			isa = PBXFrameworksBuildPhase;
			buildActionMask = 2147483647;
			files = (
			);
			runOnlyForDeploymentPostprocessing = 0;
		};
		F0868D652B29AC0D00865456 /* Frameworks */ = {
			isa = PBXFrameworksBuildPhase;
			buildActionMask = 2147483647;
			files = (
			);
			runOnlyForDeploymentPostprocessing = 0;
		};
/* End PBXFrameworksBuildPhase section */

/* Begin PBXGroup section */
		F0868D452B29AC0C00865456 = {
			isa = PBXGroup;
			children = (
				F0868D502B29AC0C00865456 /* WordScramble */,
				F0868D612B29AC0D00865456 /* WordScrambleTests */,
				F0868D6B2B29AC0D00865456 /* WordScrambleUITests */,
				F0868D4F2B29AC0C00865456 /* Products */,
			);
			sourceTree = "<group>";
		};
		F0868D4F2B29AC0C00865456 /* Products */ = {
			isa = PBXGroup;
			children = (
				F0868D4E2B29AC0C00865456 /* WordScramble.app */,
				F0868D5E2B29AC0D00865456 /* WordScrambleTests.xctest */,
				F0868D682B29AC0D00865456 /* WordScrambleUITests.xctest */,
			);
			name = Products;
			sourceTree = "<group>";
		};
		F0868D502B29AC0C00865456 /* WordScramble */ = {
			isa = PBXGroup;
			children = (
				F0868D512B29AC0C00865456 /* WordScrambleApp.swift */,
				F0868D532B29AC0C00865456 /* ContentView.swift */,
				F0868D552B29AC0D00865456 /* Assets.xcassets */,
				F0868D7B2B2A3C1700865456 /* start.txt */,
				F0868D572B29AC0D00865456 /* Preview Content */,
			);
			path = WordScramble;
			sourceTree = "<group>";
		};
		F0868D572B29AC0D00865456 /* Preview Content */ = {
			isa = PBXGroup;
			children = (
				F0868D582B29AC0D00865456 /* Preview Assets.xcassets */,
			);
			path = "Preview Content";
			sourceTree = "<group>";
		};
		F0868D612B29AC0D00865456 /* WordScrambleTests */ = {
			isa = PBXGroup;
			children = (
				F0868D622B29AC0D00865456 /* WordScrambleTests.swift */,
			);
			path = WordScrambleTests;
			sourceTree = "<group>";
		};
		F0868D6B2B29AC0D00865456 /* WordScrambleUITests */ = {
			isa = PBXGroup;
			children = (
				F0868D6C2B29AC0D00865456 /* WordScrambleUITests.swift */,
				F0868D6E2B29AC0D00865456 /* WordScrambleUITestsLaunchTests.swift */,
			);
			path = WordScrambleUITests;
			sourceTree = "<group>";
		};
/* End PBXGroup section */

/* Begin PBXNativeTarget section */
		F0868D4D2B29AC0C00865456 /* WordScramble */ = {
			isa = PBXNativeTarget;
			buildConfigurationList = F0868D722B29AC0D00865456 /* Build configuration list for PBXNativeTarget "WordScramble" */;
			buildPhases = (
				F0868D4A2B29AC0C00865456 /* Sources */,
				F0868D4B2B29AC0C00865456 /* Frameworks */,
				F0868D4C2B29AC0C00865456 /* Resources */,
			);
			buildRules = (
			);
			dependencies = (
			);
			name = WordScramble;
			productName = WordScramble;
			productReference = F0868D4E2B29AC0C00865456 /* WordScramble.app */;
			productType = "com.apple.product-type.application";
		};
		F0868D5D2B29AC0D00865456 /* WordScrambleTests */ = {
			isa = PBXNativeTarget;
			buildConfigurationList = F0868D752B29AC0D00865456 /* Build configuration list for PBXNativeTarget "WordScrambleTests" */;
			buildPhases = (
				F0868D5A2B29AC0D00865456 /* Sources */,
				F0868D5B2B29AC0D00865456 /* Frameworks */,
				F0868D5C2B29AC0D00865456 /* Resources */,
			);
			buildRules = (
			);
			dependencies = (
				F0868D602B29AC0D00865456 /* PBXTargetDependency */,
			);
			name = WordScrambleTests;
			productName = WordScrambleTests;
			productReference = F0868D5E2B29AC0D00865456 /* WordScrambleTests.xctest */;
			productType = "com.apple.product-type.bundle.unit-test";
		};
		F0868D672B29AC0D00865456 /* WordScrambleUITests */ = {
			isa = PBXNativeTarget;
			buildConfigurationList = F0868D782B29AC0D00865456 /* Build configuration list for PBXNativeTarget "WordScrambleUITests" */;
			buildPhases = (
				F0868D642B29AC0D00865456 /* Sources */,
				F0868D652B29AC0D00865456 /* Frameworks */,
				F0868D662B29AC0D00865456 /* Resources */,
			);
			buildRules = (
			);
			dependencies = (
				F0868D6A2B29AC0D00865456 /* PBXTargetDependency */,
			);
			name = WordScrambleUITests;
			productName = WordScrambleUITests;
			productReference = F0868D682B29AC0D00865456 /* WordScrambleUITests.xctest */;
			productType = "com.apple.product-type.bundle.ui-testing";
		};
/* End PBXNativeTarget section */

/* Begin PBXProject section */
		F0868D462B29AC0C00865456 /* Project object */ = {
			isa = PBXProject;
			attributes = {
				BuildIndependentTargetsInParallel = 1;
				LastSwiftUpdateCheck = 1430;
				LastUpgradeCheck = 1430;
				TargetAttributes = {
					F0868D4D2B29AC0C00865456 = {
						CreatedOnToolsVersion = 14.3.1;
					};
					F0868D5D2B29AC0D00865456 = {
						CreatedOnToolsVersion = 14.3.1;
						TestTargetID = F0868D4D2B29AC0C00865456;
					};
					F0868D672B29AC0D00865456 = {
						CreatedOnToolsVersion = 14.3.1;
						TestTargetID = F0868D4D2B29AC0C00865456;
					};
				};
			};
			buildConfigurationList = F0868D492B29AC0C00865456 /* Build configuration list for PBXProject "WordScramble" */;
			compatibilityVersion = "Xcode 14.0";
			developmentRegion = en;
			hasScannedForEncodings = 0;
			knownRegions = (
				en,
				Base,
			);
			mainGroup = F0868D452B29AC0C00865456;
			productRefGroup = F0868D4F2B29AC0C00865456 /* Products */;
			projectDirPath = "";
			projectRoot = "";
			targets = (
				F0868D4D2B29AC0C00865456 /* WordScramble */,
				F0868D5D2B29AC0D00865456 /* WordScrambleTests */,
				F0868D672B29AC0D00865456 /* WordScrambleUITests */,
			);
		};
/* End PBXProject section */

/* Begin PBXResourcesBuildPhase section */
		F0868D4C2B29AC0C00865456 /* Resources */ = {
			isa = PBXResourcesBuildPhase;
			buildActionMask = 2147483647;
			files = (
				F0868D592B29AC0D00865456 /* Preview Assets.xcassets in Resources */,
				F0868D7C2B2A3C1700865456 /* start.txt in Resources */,
				F0868D562B29AC0D00865456 /* Assets.xcassets in Resources */,
			);
			runOnlyForDeploymentPostprocessing = 0;
		};
		F0868D5C2B29AC0D00865456 /* Resources */ = {
			isa = PBXResourcesBuildPhase;
			buildActionMask = 2147483647;
			files = (
			);
			runOnlyForDeploymentPostprocessing = 0;
		};
		F0868D662B29AC0D00865456 /* Resources */ = {
			isa = PBXResourcesBuildPhase;
			buildActionMask = 2147483647;
			files = (
			);
			runOnlyForDeploymentPostprocessing = 0;
		};
/* End PBXResourcesBuildPhase section */

/* Begin PBXSourcesBuildPhase section */
		F0868D4A2B29AC0C00865456 /* Sources */ = {
			isa = PBXSourcesBuildPhase;
			buildActionMask = 2147483647;
			files = (
				F0868D542B29AC0C00865456 /* ContentView.swift in Sources */,
				F0868D522B29AC0C00865456 /* WordScrambleApp.swift in Sources */,
			);
			runOnlyForDeploymentPostprocessing = 0;
		};
		F0868D5A2B29AC0D00865456 /* Sources */ = {
			isa = PBXSourcesBuildPhase;
			buildActionMask = 2147483647;
			files = (
				F0868D632B29AC0D00865456 /* WordScrambleTests.swift in Sources */,
			);
			runOnlyForDeploymentPostprocessing = 0;
		};
		F0868D642B29AC0D00865456 /* Sources */ = {
			isa = PBXSourcesBuildPhase;
			buildActionMask = 2147483647;
			files = (
				F0868D6D2B29AC0D00865456 /* WordScrambleUITests.swift in Sources */,
				F0868D6F2B29AC0D00865456 /* WordScrambleUITestsLaunchTests.swift in Sources */,
			);
			runOnlyForDeploymentPostprocessing = 0;
		};
/* End PBXSourcesBuildPhase section */

/* Begin PBXTargetDependency section */
		F0868D602B29AC0D00865456 /* PBXTargetDependency */ = {
			isa = PBXTargetDependency;
			target = F0868D4D2B29AC0C00865456 /* WordScramble */;
			targetProxy = F0868D5F2B29AC0D00865456 /* PBXContainerItemProxy */;
		};
		F0868D6A2B29AC0D00865456 /* PBXTargetDependency */ = {
			isa = PBXTargetDependency;
			target = F0868D4D2B29AC0C00865456 /* WordScramble */;
			targetProxy = F0868D692B29AC0D00865456 /* PBXContainerItemProxy */;
		};
/* End PBXTargetDependency section */

/* Begin XCBuildConfiguration section */
		F0868D702B29AC0D00865456 /* Debug */ = {
			isa = XCBuildConfiguration;
			buildSettings = {
				ALWAYS_SEARCH_USER_PATHS = NO;
				CLANG_ANALYZER_NONNULL = YES;
				CLANG_ANALYZER_NUMBER_OBJECT_CONVERSION = YES_AGGRESSIVE;
				CLANG_CXX_LANGUAGE_STANDARD = "gnu++20";
				CLANG_ENABLE_MODULES = YES;
				CLANG_ENABLE_OBJC_ARC = YES;
				CLANG_ENABLE_OBJC_WEAK = YES;
				CLANG_WARN_BLOCK_CAPTURE_AUTORELEASING = YES;
				CLANG_WARN_BOOL_CONVERSION = YES;
				CLANG_WARN_COMMA = YES;
				CLANG_WARN_CONSTANT_CONVERSION = YES;
				CLANG_WARN_DEPRECATED_OBJC_IMPLEMENTATIONS = YES;
				CLANG_WARN_DIRECT_OBJC_ISA_USAGE = YES_ERROR;
				CLANG_WARN_DOCUMENTATION_COMMENTS = YES;
				CLANG_WARN_EMPTY_BODY = YES;
				CLANG_WARN_ENUM_CONVERSION = YES;
				CLANG_WARN_INFINITE_RECURSION = YES;
				CLANG_WARN_INT_CONVERSION = YES;
				CLANG_WARN_NON_LITERAL_NULL_CONVERSION = YES;
				CLANG_WARN_OBJC_IMPLICIT_RETAIN_SELF = YES;
				CLANG_WARN_OBJC_LITERAL_CONVERSION = YES;
				CLANG_WARN_OBJC_ROOT_CLASS = YES_ERROR;
				CLANG_WARN_QUOTED_INCLUDE_IN_FRAMEWORK_HEADER = YES;
				CLANG_WARN_RANGE_LOOP_ANALYSIS = YES;
				CLANG_WARN_STRICT_PROTOTYPES = YES;
				CLANG_WARN_SUSPICIOUS_MOVE = YES;
				CLANG_WARN_UNGUARDED_AVAILABILITY = YES_AGGRESSIVE;
				CLANG_WARN_UNREACHABLE_CODE = YES;
				CLANG_WARN__DUPLICATE_METHOD_MATCH = YES;
				COPY_PHASE_STRIP = NO;
				DEBUG_INFORMATION_FORMAT = dwarf;
				ENABLE_STRICT_OBJC_MSGSEND = YES;
				ENABLE_TESTABILITY = YES;
				GCC_C_LANGUAGE_STANDARD = gnu11;
				GCC_DYNAMIC_NO_PIC = NO;
				GCC_NO_COMMON_BLOCKS = YES;
				GCC_OPTIMIZATION_LEVEL = 0;
				GCC_PREPROCESSOR_DEFINITIONS = (
					"DEBUG=1",
					"$(inherited)",
				);
				GCC_WARN_64_TO_32_BIT_CONVERSION = YES;
				GCC_WARN_ABOUT_RETURN_TYPE = YES_ERROR;
				GCC_WARN_UNDECLARED_SELECTOR = YES;
				GCC_WARN_UNINITIALIZED_AUTOS = YES_AGGRESSIVE;
				GCC_WARN_UNUSED_FUNCTION = YES;
				GCC_WARN_UNUSED_VARIABLE = YES;
				IPHONEOS_DEPLOYMENT_TARGET = 16.4;
				MTL_ENABLE_DEBUG_INFO = INCLUDE_SOURCE;
				MTL_FAST_MATH = YES;
				ONLY_ACTIVE_ARCH = YES;
				SDKROOT = iphoneos;
				SWIFT_ACTIVE_COMPILATION_CONDITIONS = DEBUG;
				SWIFT_OPTIMIZATION_LEVEL = "-Onone";
			};
			name = Debug;
		};
		F0868D712B29AC0D00865456 /* Release */ = {
			isa = XCBuildConfiguration;
			buildSettings = {
				ALWAYS_SEARCH_USER_PATHS = NO;
				CLANG_ANALYZER_NONNULL = YES;
				CLANG_ANALYZER_NUMBER_OBJECT_CONVERSION = YES_AGGRESSIVE;
				CLANG_CXX_LANGUAGE_STANDARD = "gnu++20";
				CLANG_ENABLE_MODULES = YES;
				CLANG_ENABLE_OBJC_ARC = YES;
				CLANG_ENABLE_OBJC_WEAK = YES;
				CLANG_WARN_BLOCK_CAPTURE_AUTORELEASING = YES;
				CLANG_WARN_BOOL_CONVERSION = YES;
				CLANG_WARN_COMMA = YES;
				CLANG_WARN_CONSTANT_CONVERSION = YES;
				CLANG_WARN_DEPRECATED_OBJC_IMPLEMENTATIONS = YES;
				CLANG_WARN_DIRECT_OBJC_ISA_USAGE = YES_ERROR;
				CLANG_WARN_DOCUMENTATION_COMMENTS = YES;
				CLANG_WARN_EMPTY_BODY = YES;
				CLANG_WARN_ENUM_CONVERSION = YES;
				CLANG_WARN_INFINITE_RECURSION = YES;
				CLANG_WARN_INT_CONVERSION = YES;
				CLANG_WARN_NON_LITERAL_NULL_CONVERSION = YES;
				CLANG_WARN_OBJC_IMPLICIT_RETAIN_SELF = YES;
				CLANG_WARN_OBJC_LITERAL_CONVERSION = YES;
				CLANG_WARN_OBJC_ROOT_CLASS = YES_ERROR;
				CLANG_WARN_QUOTED_INCLUDE_IN_FRAMEWORK_HEADER = YES;
				CLANG_WARN_RANGE_LOOP_ANALYSIS = YES;
				CLANG_WARN_STRICT_PROTOTYPES = YES;
				CLANG_WARN_SUSPICIOUS_MOVE = YES;
				CLANG_WARN_UNGUARDED_AVAILABILITY = YES_AGGRESSIVE;
				CLANG_WARN_UNREACHABLE_CODE = YES;
				CLANG_WARN__DUPLICATE_METHOD_MATCH = YES;
				COPY_PHASE_STRIP = NO;
				DEBUG_INFORMATION_FORMAT = "dwarf-with-dsym";
				ENABLE_NS_ASSERTIONS = NO;
				ENABLE_STRICT_OBJC_MSGSEND = YES;
				GCC_C_LANGUAGE_STANDARD = gnu11;
				GCC_NO_COMMON_BLOCKS = YES;
				GCC_WARN_64_TO_32_BIT_CONVERSION = YES;
				GCC_WARN_ABOUT_RETURN_TYPE = YES_ERROR;
				GCC_WARN_UNDECLARED_SELECTOR = YES;
				GCC_WARN_UNINITIALIZED_AUTOS = YES_AGGRESSIVE;
				GCC_WARN_UNUSED_FUNCTION = YES;
				GCC_WARN_UNUSED_VARIABLE = YES;
				IPHONEOS_DEPLOYMENT_TARGET = 16.4;
				MTL_ENABLE_DEBUG_INFO = NO;
				MTL_FAST_MATH = YES;
				SDKROOT = iphoneos;
				SWIFT_COMPILATION_MODE = wholemodule;
				SWIFT_OPTIMIZATION_LEVEL = "-O";
				VALIDATE_PRODUCT = YES;
			};
			name = Release;
		};
		F0868D732B29AC0D00865456 /* Debug */ = {
			isa = XCBuildConfiguration;
			buildSettings = {
				ASSETCATALOG_COMPILER_APPICON_NAME = AppIcon;
				ASSETCATALOG_COMPILER_GLOBAL_ACCENT_COLOR_NAME = AccentColor;
				CODE_SIGN_STYLE = Automatic;
				CURRENT_PROJECT_VERSION = 1;
				DEVELOPMENT_ASSET_PATHS = "\"WordScramble/Preview Content\"";
				DEVELOPMENT_TEAM = 9FGCZRAZC6;
				ENABLE_PREVIEWS = YES;
				GENERATE_INFOPLIST_FILE = YES;
				INFOPLIST_KEY_UIApplicationSceneManifest_Generation = YES;
				INFOPLIST_KEY_UIApplicationSupportsIndirectInputEvents = YES;
				INFOPLIST_KEY_UILaunchScreen_Generation = YES;
				INFOPLIST_KEY_UISupportedInterfaceOrientations_iPad = "UIInterfaceOrientationPortrait UIInterfaceOrientationPortraitUpsideDown UIInterfaceOrientationLandscapeLeft UIInterfaceOrientationLandscapeRight";
				INFOPLIST_KEY_UISupportedInterfaceOrientations_iPhone = "UIInterfaceOrientationPortrait UIInterfaceOrientationLandscapeLeft UIInterfaceOrientationLandscapeRight";
				LD_RUNPATH_SEARCH_PATHS = (
					"$(inherited)",
					"@executable_path/Frameworks",
				);
				MARKETING_VERSION = 1.0;
				PRODUCT_BUNDLE_IDENTIFIER = brkdev.WordScramble;
				PRODUCT_NAME = "$(TARGET_NAME)";
				SWIFT_EMIT_LOC_STRINGS = YES;
				SWIFT_VERSION = 5.0;
				TARGETED_DEVICE_FAMILY = "1,2";
			};
			name = Debug;
		};
		F0868D742B29AC0D00865456 /* Release */ = {
			isa = XCBuildConfiguration;
			buildSettings = {
				ASSETCATALOG_COMPILER_APPICON_NAME = AppIcon;
				ASSETCATALOG_COMPILER_GLOBAL_ACCENT_COLOR_NAME = AccentColor;
				CODE_SIGN_STYLE = Automatic;
				CURRENT_PROJECT_VERSION = 1;
				DEVELOPMENT_ASSET_PATHS = "\"WordScramble/Preview Content\"";
				DEVELOPMENT_TEAM = 9FGCZRAZC6;
				ENABLE_PREVIEWS = YES;
				GENERATE_INFOPLIST_FILE = YES;
				INFOPLIST_KEY_UIApplicationSceneManifest_Generation = YES;
				INFOPLIST_KEY_UIApplicationSupportsIndirectInputEvents = YES;
				INFOPLIST_KEY_UILaunchScreen_Generation = YES;
				INFOPLIST_KEY_UISupportedInterfaceOrientations_iPad = "UIInterfaceOrientationPortrait UIInterfaceOrientationPortraitUpsideDown UIInterfaceOrientationLandscapeLeft UIInterfaceOrientationLandscapeRight";
				INFOPLIST_KEY_UISupportedInterfaceOrientations_iPhone = "UIInterfaceOrientationPortrait UIInterfaceOrientationLandscapeLeft UIInterfaceOrientationLandscapeRight";
				LD_RUNPATH_SEARCH_PATHS = (
					"$(inherited)",
					"@executable_path/Frameworks",
				);
				MARKETING_VERSION = 1.0;
				PRODUCT_BUNDLE_IDENTIFIER = brkdev.WordScramble;
				PRODUCT_NAME = "$(TARGET_NAME)";
				SWIFT_EMIT_LOC_STRINGS = YES;
				SWIFT_VERSION = 5.0;
				TARGETED_DEVICE_FAMILY = "1,2";
			};
			name = Release;
		};
		F0868D762B29AC0D00865456 /* Debug */ = {
			isa = XCBuildConfiguration;
			buildSettings = {
				ALWAYS_EMBED_SWIFT_STANDARD_LIBRARIES = YES;
				BUNDLE_LOADER = "$(TEST_HOST)";
				CODE_SIGN_STYLE = Automatic;
				CURRENT_PROJECT_VERSION = 1;
				DEVELOPMENT_TEAM = 9FGCZRAZC6;
				GENERATE_INFOPLIST_FILE = YES;
				IPHONEOS_DEPLOYMENT_TARGET = 16.4;
				MARKETING_VERSION = 1.0;
				PRODUCT_BUNDLE_IDENTIFIER = brkdev.WordScrambleTests;
				PRODUCT_NAME = "$(TARGET_NAME)";
				SWIFT_EMIT_LOC_STRINGS = NO;
				SWIFT_VERSION = 5.0;
				TARGETED_DEVICE_FAMILY = "1,2";
				TEST_HOST = "$(BUILT_PRODUCTS_DIR)/WordScramble.app/$(BUNDLE_EXECUTABLE_FOLDER_PATH)/WordScramble";
			};
			name = Debug;
		};
		F0868D772B29AC0D00865456 /* Release */ = {
			isa = XCBuildConfiguration;
			buildSettings = {
				ALWAYS_EMBED_SWIFT_STANDARD_LIBRARIES = YES;
				BUNDLE_LOADER = "$(TEST_HOST)";
				CODE_SIGN_STYLE = Automatic;
				CURRENT_PROJECT_VERSION = 1;
				DEVELOPMENT_TEAM = 9FGCZRAZC6;
				GENERATE_INFOPLIST_FILE = YES;
				IPHONEOS_DEPLOYMENT_TARGET = 16.4;
				MARKETING_VERSION = 1.0;
				PRODUCT_BUNDLE_IDENTIFIER = brkdev.WordScrambleTests;
				PRODUCT_NAME = "$(TARGET_NAME)";
				SWIFT_EMIT_LOC_STRINGS = NO;
				SWIFT_VERSION = 5.0;
				TARGETED_DEVICE_FAMILY = "1,2";
				TEST_HOST = "$(BUILT_PRODUCTS_DIR)/WordScramble.app/$(BUNDLE_EXECUTABLE_FOLDER_PATH)/WordScramble";
			};
			name = Release;
		};
		F0868D792B29AC0D00865456 /* Debug */ = {
			isa = XCBuildConfiguration;
			buildSettings = {
				ALWAYS_EMBED_SWIFT_STANDARD_LIBRARIES = YES;
				CODE_SIGN_STYLE = Automatic;
				CURRENT_PROJECT_VERSION = 1;
				DEVELOPMENT_TEAM = 9FGCZRAZC6;
				GENERATE_INFOPLIST_FILE = YES;
				MARKETING_VERSION = 1.0;
				PRODUCT_BUNDLE_IDENTIFIER = brkdev.WordScrambleUITests;
				PRODUCT_NAME = "$(TARGET_NAME)";
				SWIFT_EMIT_LOC_STRINGS = NO;
				SWIFT_VERSION = 5.0;
				TARGETED_DEVICE_FAMILY = "1,2";
				TEST_TARGET_NAME = WordScramble;
			};
			name = Debug;
		};
		F0868D7A2B29AC0D00865456 /* Release */ = {
			isa = XCBuildConfiguration;
			buildSettings = {
				ALWAYS_EMBED_SWIFT_STANDARD_LIBRARIES = YES;
				CODE_SIGN_STYLE = Automatic;
				CURRENT_PROJECT_VERSION = 1;
				DEVELOPMENT_TEAM = 9FGCZRAZC6;
				GENERATE_INFOPLIST_FILE = YES;
				MARKETING_VERSION = 1.0;
				PRODUCT_BUNDLE_IDENTIFIER = brkdev.WordScrambleUITests;
				PRODUCT_NAME = "$(TARGET_NAME)";
				SWIFT_EMIT_LOC_STRINGS = NO;
				SWIFT_VERSION = 5.0;
				TARGETED_DEVICE_FAMILY = "1,2";
				TEST_TARGET_NAME = WordScramble;
			};
			name = Release;
		};
/* End XCBuildConfiguration section */

/* Begin XCConfigurationList section */
		F0868D492B29AC0C00865456 /* Build configuration list for PBXProject "WordScramble" */ = {
			isa = XCConfigurationList;
			buildConfigurations = (
				F0868D702B29AC0D00865456 /* Debug */,
				F0868D712B29AC0D00865456 /* Release */,
			);
			defaultConfigurationIsVisible = 0;
			defaultConfigurationName = Release;
		};
		F0868D722B29AC0D00865456 /* Build configuration list for PBXNativeTarget "WordScramble" */ = {
			isa = XCConfigurationList;
			buildConfigurations = (
				F0868D732B29AC0D00865456 /* Debug */,
				F0868D742B29AC0D00865456 /* Release */,
			);
			defaultConfigurationIsVisible = 0;
			defaultConfigurationName = Release;
		};
		F0868D752B29AC0D00865456 /* Build configuration list for PBXNativeTarget "WordScrambleTests" */ = {
			isa = XCConfigurationList;
			buildConfigurations = (
				F0868D762B29AC0D00865456 /* Debug */,
				F0868D772B29AC0D00865456 /* Release */,
			);
			defaultConfigurationIsVisible = 0;
			defaultConfigurationName = Release;
		};
		F0868D782B29AC0D00865456 /* Build configuration list for PBXNativeTarget "WordScrambleUITests" */ = {
			isa = XCConfigurationList;
			buildConfigurations = (
				F0868D792B29AC0D00865456 /* Debug */,
				F0868D7A2B29AC0D00865456 /* Release */,
			);
			defaultConfigurationIsVisible = 0;
			defaultConfigurationName = Release;
		};
/* End XCConfigurationList section */
	};
	rootObject = F0868D462B29AC0C00865456 /* Project object */;
}
